
Microsoft Visual Studio Solution File, Format Version 12.00
# Visual Studio Version 16
VisualStudioVersion = 16.0.29209.152
MinimumVisualStudioVersion = 10.0.40219.1
Project("{2150E333-8FDC-42A3-9474-1A3956D46DE8}") = "src", "src", "{106AE906-5075-410A-B941-912F811848EE}"
EndProject
Project("{2150E333-8FDC-42A3-9474-1A3956D46DE8}") = "tests", "tests", "{B31B4797-1D9F-4288-808C-BE9A31A98C7D}"
EndProject
Project("{2150E333-8FDC-42A3-9474-1A3956D46DE8}") = "Solution Items", "Solution Items", "{250F283E-FE2F-4BBD-9E63-A2265B84E23F}"
	ProjectSection(SolutionItems) = preProject
		.gitignore = .gitignore
	EndProjectSection
EndProject
Project("{9A19103F-16F7-4668-BE54-9A1E7A4F7556}") = "RuuviCTRL.Core", "src\RuuviCTRL.Core\RuuviCTRL.Core.csproj", "{99EB1E2E-CD3F-48A4-ACB2-F63ADF3EEBEC}"
EndProject
Project("{9A19103F-16F7-4668-BE54-9A1E7A4F7556}") = "RuuviCTRL.Infrastructure", "src\RuuviCTRL.Infrastructure\RuuviCTRL.Infrastructure.csproj", "{0C6D0223-C870-4502-B25D-0E31E5417D16}"
EndProject
Project("{9A19103F-16F7-4668-BE54-9A1E7A4F7556}") = "RuuviCTRL.SharedKernel", "src\RuuviCTRL.SharedKernel\RuuviCTRL.SharedKernel.csproj", "{B5A1FF8C-76CB-4FCB-B425-1AC31D7BD8B6}"
EndProject
Project("{9A19103F-16F7-4668-BE54-9A1E7A4F7556}") = "RuuviCTRL.WebSpa", "src\RuuviCTRL.WebSpa\RuuviCTRL.WebSpa.csproj", "{D9C41EB2-253F-407F-B494-17DFF3B2FE11}"
EndProject
Project("{9A19103F-16F7-4668-BE54-9A1E7A4F7556}") = "RuuviCTRL.IntegrationTests", "tests\RuuviCTRL.IntegrationTests\RuuviCTRL.IntegrationTests.csproj", "{6258BCC9-4438-41D1-AA28-3B90260BA6FF}"
EndProject
Project("{9A19103F-16F7-4668-BE54-9A1E7A4F7556}") = "RuuviCTRL.StorageApi", "src\RuuviCTRL.StorageApi\RuuviCTRL.StorageApi.csproj", "{95EED924-1C12-4DF5-A5D3-2306C20D2FCC}"
EndProject
Project("{9A19103F-16F7-4668-BE54-9A1E7A4F7556}") = "Service-Tests", "Service-Tests\Service-Tests.csproj", "{E99B5DF3-AEBD-4E2B-9746-BD3C43C3D88B}"
EndProject
Project("{2150E333-8FDC-42A3-9474-1A3956D46DE8}") = "mocking-data", "mocking-data", "{9FDBE5F8-97A9-42F0-BE65-94AB632642D6}"
EndProject
Project("{FAE04EC0-301F-11D3-BF4B-00C04F79EFBC}") = "GenerateMockinData", "GenerateMockinData\GenerateMockinData.csproj", "{284401FE-4725-43E1-861D-5CB3FF6272E7}"
EndProject
Global
	GlobalSection(SolutionConfigurationPlatforms) = preSolution
		Debug|Any CPU = Debug|Any CPU
		Debug|x64 = Debug|x64
		Debug|x86 = Debug|x86
		Release|Any CPU = Release|Any CPU
		Release|x64 = Release|x64
		Release|x86 = Release|x86
	EndGlobalSection
	GlobalSection(ProjectConfigurationPlatforms) = postSolution
		{99EB1E2E-CD3F-48A4-ACB2-F63ADF3EEBEC}.Debug|Any CPU.ActiveCfg = Debug|Any CPU
		{99EB1E2E-CD3F-48A4-ACB2-F63ADF3EEBEC}.Debug|Any CPU.Build.0 = Debug|Any CPU
		{99EB1E2E-CD3F-48A4-ACB2-F63ADF3EEBEC}.Debug|x64.ActiveCfg = Debug|Any CPU
		{99EB1E2E-CD3F-48A4-ACB2-F63ADF3EEBEC}.Debug|x64.Build.0 = Debug|Any CPU
		{99EB1E2E-CD3F-48A4-ACB2-F63ADF3EEBEC}.Debug|x86.ActiveCfg = Debug|Any CPU
		{99EB1E2E-CD3F-48A4-ACB2-F63ADF3EEBEC}.Debug|x86.Build.0 = Debug|Any CPU
		{99EB1E2E-CD3F-48A4-ACB2-F63ADF3EEBEC}.Release|Any CPU.ActiveCfg = Release|Any CPU
		{99EB1E2E-CD3F-48A4-ACB2-F63ADF3EEBEC}.Release|Any CPU.Build.0 = Release|Any CPU
		{99EB1E2E-CD3F-48A4-ACB2-F63ADF3EEBEC}.Release|x64.ActiveCfg = Release|Any CPU
		{99EB1E2E-CD3F-48A4-ACB2-F63ADF3EEBEC}.Release|x64.Build.0 = Release|Any CPU
		{99EB1E2E-CD3F-48A4-ACB2-F63ADF3EEBEC}.Release|x86.ActiveCfg = Release|Any CPU
		{99EB1E2E-CD3F-48A4-ACB2-F63ADF3EEBEC}.Release|x86.Build.0 = Release|Any CPU
		{0C6D0223-C870-4502-B25D-0E31E5417D16}.Debug|Any CPU.ActiveCfg = Debug|Any CPU
		{0C6D0223-C870-4502-B25D-0E31E5417D16}.Debug|Any CPU.Build.0 = Debug|Any CPU
		{0C6D0223-C870-4502-B25D-0E31E5417D16}.Debug|x64.ActiveCfg = Debug|Any CPU
		{0C6D0223-C870-4502-B25D-0E31E5417D16}.Debug|x64.Build.0 = Debug|Any CPU
		{0C6D0223-C870-4502-B25D-0E31E5417D16}.Debug|x86.ActiveCfg = Debug|Any CPU
		{0C6D0223-C870-4502-B25D-0E31E5417D16}.Debug|x86.Build.0 = Debug|Any CPU
		{0C6D0223-C870-4502-B25D-0E31E5417D16}.Release|Any CPU.ActiveCfg = Release|Any CPU
		{0C6D0223-C870-4502-B25D-0E31E5417D16}.Release|Any CPU.Build.0 = Release|Any CPU
		{0C6D0223-C870-4502-B25D-0E31E5417D16}.Release|x64.ActiveCfg = Release|Any CPU
		{0C6D0223-C870-4502-B25D-0E31E5417D16}.Release|x64.Build.0 = Release|Any CPU
		{0C6D0223-C870-4502-B25D-0E31E5417D16}.Release|x86.ActiveCfg = Release|Any CPU
		{0C6D0223-C870-4502-B25D-0E31E5417D16}.Release|x86.Build.0 = Release|Any CPU
		{B5A1FF8C-76CB-4FCB-B425-1AC31D7BD8B6}.Debug|Any CPU.ActiveCfg = Debug|Any CPU
		{B5A1FF8C-76CB-4FCB-B425-1AC31D7BD8B6}.Debug|Any CPU.Build.0 = Debug|Any CPU
		{B5A1FF8C-76CB-4FCB-B425-1AC31D7BD8B6}.Debug|x64.ActiveCfg = Debug|Any CPU
		{B5A1FF8C-76CB-4FCB-B425-1AC31D7BD8B6}.Debug|x64.Build.0 = Debug|Any CPU
		{B5A1FF8C-76CB-4FCB-B425-1AC31D7BD8B6}.Debug|x86.ActiveCfg = Debug|Any CPU
		{B5A1FF8C-76CB-4FCB-B425-1AC31D7BD8B6}.Debug|x86.Build.0 = Debug|Any CPU
		{B5A1FF8C-76CB-4FCB-B425-1AC31D7BD8B6}.Release|Any CPU.ActiveCfg = Release|Any CPU
		{B5A1FF8C-76CB-4FCB-B425-1AC31D7BD8B6}.Release|Any CPU.Build.0 = Release|Any CPU
		{B5A1FF8C-76CB-4FCB-B425-1AC31D7BD8B6}.Release|x64.ActiveCfg = Release|Any CPU
		{B5A1FF8C-76CB-4FCB-B425-1AC31D7BD8B6}.Release|x64.Build.0 = Release|Any CPU
		{B5A1FF8C-76CB-4FCB-B425-1AC31D7BD8B6}.Release|x86.ActiveCfg = Release|Any CPU
		{B5A1FF8C-76CB-4FCB-B425-1AC31D7BD8B6}.Release|x86.Build.0 = Release|Any CPU
		{D9C41EB2-253F-407F-B494-17DFF3B2FE11}.Debug|Any CPU.ActiveCfg = Debug|Any CPU
		{D9C41EB2-253F-407F-B494-17DFF3B2FE11}.Debug|Any CPU.Build.0 = Debug|Any CPU
		{D9C41EB2-253F-407F-B494-17DFF3B2FE11}.Debug|x64.ActiveCfg = Debug|Any CPU
		{D9C41EB2-253F-407F-B494-17DFF3B2FE11}.Debug|x64.Build.0 = Debug|Any CPU
		{D9C41EB2-253F-407F-B494-17DFF3B2FE11}.Debug|x86.ActiveCfg = Debug|Any CPU
		{D9C41EB2-253F-407F-B494-17DFF3B2FE11}.Debug|x86.Build.0 = Debug|Any CPU
		{D9C41EB2-253F-407F-B494-17DFF3B2FE11}.Release|Any CPU.ActiveCfg = Release|Any CPU
		{D9C41EB2-253F-407F-B494-17DFF3B2FE11}.Release|Any CPU.Build.0 = Release|Any CPU
		{D9C41EB2-253F-407F-B494-17DFF3B2FE11}.Release|x64.ActiveCfg = Release|Any CPU
		{D9C41EB2-253F-407F-B494-17DFF3B2FE11}.Release|x64.Build.0 = Release|Any CPU
		{D9C41EB2-253F-407F-B494-17DFF3B2FE11}.Release|x86.ActiveCfg = Release|Any CPU
		{D9C41EB2-253F-407F-B494-17DFF3B2FE11}.Release|x86.Build.0 = Release|Any CPU
		{6258BCC9-4438-41D1-AA28-3B90260BA6FF}.Debug|Any CPU.ActiveCfg = Debug|Any CPU
		{6258BCC9-4438-41D1-AA28-3B90260BA6FF}.Debug|Any CPU.Build.0 = Debug|Any CPU
		{6258BCC9-4438-41D1-AA28-3B90260BA6FF}.Debug|x64.ActiveCfg = Debug|Any CPU
		{6258BCC9-4438-41D1-AA28-3B90260BA6FF}.Debug|x64.Build.0 = Debug|Any CPU
		{6258BCC9-4438-41D1-AA28-3B90260BA6FF}.Debug|x86.ActiveCfg = Debug|Any CPU
		{6258BCC9-4438-41D1-AA28-3B90260BA6FF}.Debug|x86.Build.0 = Debug|Any CPU
		{6258BCC9-4438-41D1-AA28-3B90260BA6FF}.Release|Any CPU.ActiveCfg = Release|Any CPU
		{6258BCC9-4438-41D1-AA28-3B90260BA6FF}.Release|Any CPU.Build.0 = Release|Any CPU
		{6258BCC9-4438-41D1-AA28-3B90260BA6FF}.Release|x64.ActiveCfg = Release|Any CPU
		{6258BCC9-4438-41D1-AA28-3B90260BA6FF}.Release|x64.Build.0 = Release|Any CPU
		{6258BCC9-4438-41D1-AA28-3B90260BA6FF}.Release|x86.ActiveCfg = Release|Any CPU
		{6258BCC9-4438-41D1-AA28-3B90260BA6FF}.Release|x86.Build.0 = Release|Any CPU
		{95EED924-1C12-4DF5-A5D3-2306C20D2FCC}.Debug|Any CPU.ActiveCfg = Debug|Any CPU
		{95EED924-1C12-4DF5-A5D3-2306C20D2FCC}.Debug|Any CPU.Build.0 = Debug|Any CPU
		{95EED924-1C12-4DF5-A5D3-2306C20D2FCC}.Debug|x64.ActiveCfg = Debug|Any CPU
		{95EED924-1C12-4DF5-A5D3-2306C20D2FCC}.Debug|x64.Build.0 = Debug|Any CPU
		{95EED924-1C12-4DF5-A5D3-2306C20D2FCC}.Debug|x86.ActiveCfg = Debug|Any CPU
		{95EED924-1C12-4DF5-A5D3-2306C20D2FCC}.Debug|x86.Build.0 = Debug|Any CPU
		{95EED924-1C12-4DF5-A5D3-2306C20D2FCC}.Release|Any CPU.ActiveCfg = Release|Any CPU
		{95EED924-1C12-4DF5-A5D3-2306C20D2FCC}.Release|Any CPU.Build.0 = Release|Any CPU
		{95EED924-1C12-4DF5-A5D3-2306C20D2FCC}.Release|x64.ActiveCfg = Release|Any CPU
		{95EED924-1C12-4DF5-A5D3-2306C20D2FCC}.Release|x64.Build.0 = Release|Any CPU
		{95EED924-1C12-4DF5-A5D3-2306C20D2FCC}.Release|x86.ActiveCfg = Release|Any CPU
		{95EED924-1C12-4DF5-A5D3-2306C20D2FCC}.Release|x86.Build.0 = Release|Any CPU
		{E99B5DF3-AEBD-4E2B-9746-BD3C43C3D88B}.Debug|Any CPU.ActiveCfg = Debug|Any CPU
		{E99B5DF3-AEBD-4E2B-9746-BD3C43C3D88B}.Debug|Any CPU.Build.0 = Debug|Any CPU
		{E99B5DF3-AEBD-4E2B-9746-BD3C43C3D88B}.Debug|x64.ActiveCfg = Debug|Any CPU
		{E99B5DF3-AEBD-4E2B-9746-BD3C43C3D88B}.Debug|x64.Build.0 = Debug|Any CPU
		{E99B5DF3-AEBD-4E2B-9746-BD3C43C3D88B}.Debug|x86.ActiveCfg = Debug|Any CPU
		{E99B5DF3-AEBD-4E2B-9746-BD3C43C3D88B}.Debug|x86.Build.0 = Debug|Any CPU
		{E99B5DF3-AEBD-4E2B-9746-BD3C43C3D88B}.Release|Any CPU.ActiveCfg = Release|Any CPU
		{E99B5DF3-AEBD-4E2B-9746-BD3C43C3D88B}.Release|Any CPU.Build.0 = Release|Any CPU
		{E99B5DF3-AEBD-4E2B-9746-BD3C43C3D88B}.Release|x64.ActiveCfg = Release|Any CPU
		{E99B5DF3-AEBD-4E2B-9746-BD3C43C3D88B}.Release|x64.Build.0 = Release|Any CPU
		{E99B5DF3-AEBD-4E2B-9746-BD3C43C3D88B}.Release|x86.ActiveCfg = Release|Any CPU
		{E99B5DF3-AEBD-4E2B-9746-BD3C43C3D88B}.Release|x86.Build.0 = Release|Any CPU
		{284401FE-4725-43E1-861D-5CB3FF6272E7}.Debug|Any CPU.ActiveCfg = Debug|Any CPU
		{284401FE-4725-43E1-861D-5CB3FF6272E7}.Debug|Any CPU.Build.0 = Debug|Any CPU
		{284401FE-4725-43E1-861D-5CB3FF6272E7}.Debug|x64.ActiveCfg = Debug|Any CPU
		{284401FE-4725-43E1-861D-5CB3FF6272E7}.Debug|x64.Build.0 = Debug|Any CPU
		{284401FE-4725-43E1-861D-5CB3FF6272E7}.Debug|x86.ActiveCfg = Debug|Any CPU
		{284401FE-4725-43E1-861D-5CB3FF6272E7}.Debug|x86.Build.0 = Debug|Any CPU
		{284401FE-4725-43E1-861D-5CB3FF6272E7}.Release|Any CPU.ActiveCfg = Release|Any CPU
		{284401FE-4725-43E1-861D-5CB3FF6272E7}.Release|Any CPU.Build.0 = Release|Any CPU
		{284401FE-4725-43E1-861D-5CB3FF6272E7}.Release|x64.ActiveCfg = Release|Any CPU
		{284401FE-4725-43E1-861D-5CB3FF6272E7}.Release|x64.Build.0 = Release|Any CPU
		{284401FE-4725-43E1-861D-5CB3FF6272E7}.Release|x86.ActiveCfg = Release|Any CPU
		{284401FE-4725-43E1-861D-5CB3FF6272E7}.Release|x86.Build.0 = Release|Any CPU
	EndGlobalSection
	GlobalSection(SolutionProperties) = preSolution
		HideSolutionNode = FALSE
	EndGlobalSection
	GlobalSection(NestedProjects) = preSolution
		{99EB1E2E-CD3F-48A4-ACB2-F63ADF3EEBEC} = {106AE906-5075-410A-B941-912F811848EE}
		{0C6D0223-C870-4502-B25D-0E31E5417D16} = {106AE906-5075-410A-B941-912F811848EE}
		{B5A1FF8C-76CB-4FCB-B425-1AC31D7BD8B6} = {106AE906-5075-410A-B941-912F811848EE}
		{D9C41EB2-253F-407F-B494-17DFF3B2FE11} = {106AE906-5075-410A-B941-912F811848EE}
		{6258BCC9-4438-41D1-AA28-3B90260BA6FF} = {B31B4797-1D9F-4288-808C-BE9A31A98C7D}
		{95EED924-1C12-4DF5-A5D3-2306C20D2FCC} = {106AE906-5075-410A-B941-912F811848EE}
		{E99B5DF3-AEBD-4E2B-9746-BD3C43C3D88B} = {B31B4797-1D9F-4288-808C-BE9A31A98C7D}
		{284401FE-4725-43E1-861D-5CB3FF6272E7} = {9FDBE5F8-97A9-42F0-BE65-94AB632642D6}
	EndGlobalSection
	GlobalSection(ExtensibilityGlobals) = postSolution
		SolutionGuid = {B0F19343-8185-4A9F-9165-0EA8544BC925}
	EndGlobalSection
EndGlobal
